
Microsoft Visual Studio Solution File, Format Version 12.00
# Visual Studio Version 17
VisualStudioVersion = 17.7.34024.191
MinimumVisualStudioVersion = 10.0.40219.1
Project("{FAE04EC0-301F-11D3-BF4B-00C04F79EFBC}") = "ProductReview_WebAPI", "ProductReview_WebAPI\ProductReview_WebAPI.csproj", "{A892C502-C9F4-4373-824D-A377AC3A1DDB}"
EndProject
Global
	GlobalSection(SolutionConfigurationPlatforms) = preSolution
		Debug|Any CPU = Debug|Any CPU
		Release|Any CPU = Release|Any CPU
	EndGlobalSection
	GlobalSection(ProjectConfigurationPlatforms) = postSolution
		{A892C502-C9F4-4373-824D-A377AC3A1DDB}.Debug|Any CPU.ActiveCfg = Debug|Any CPU
		{A892C502-C9F4-4373-824D-A377AC3A1DDB}.Debug|Any CPU.Build.0 = Debug|Any CPU
		{A892C502-C9F4-4373-824D-A377AC3A1DDB}.Release|Any CPU.ActiveCfg = Release|Any CPU
		{A892C502-C9F4-4373-824D-A377AC3A1DDB}.Release|Any CPU.Build.0 = Release|Any CPU
	EndGlobalSection
	GlobalSection(SolutionProperties) = preSolution
		HideSolutionNode = FALSE
	EndGlobalSection
	GlobalSection(ExtensibilityGlobals) = postSolution
		SolutionGuid = {FA21A8CA-737D-4DF9-AD06-943DFFBC21B4}
	EndGlobalSection
EndGlobal
